
Microsoft Visual Studio Solution File, Format Version 12.00
# Visual Studio Version 17
VisualStudioVersion = 17.3.32825.248
MinimumVisualStudioVersion = 10.0.40219.1
Project("{9A19103F-16F7-4668-BE54-9A1E7A4F7556}") = "EnglishWordsRecognizer", "EnglishWordsRecognizer\EnglishWordsRecognizer.csproj", "{92CA64FA-734E-4AAF-B3BD-F61D63008F2A}"
EndProject
Project("{9A19103F-16F7-4668-BE54-9A1E7A4F7556}") = "TelegramBotManager", "TelegramBotManager\TelegramBotManager.csproj", "{657946CA-C2D3-4CBD-9B4D-9E0C89E15C18}"
EndProject
Project("{9A19103F-16F7-4668-BE54-9A1E7A4F7556}") = "TelegramBotCommands", "TelegramBotCommands\TelegramBotCommands.csproj", "{04CACE4A-D486-4798-ACCB-AED6FCF91C6B}"
EndProject
Project("{9A19103F-16F7-4668-BE54-9A1E7A4F7556}") = "TelegramBotStorage", "TelegramBotStorage\TelegramBotStorage.csproj", "{82F7E39B-6D99-40D7-A479-4131EC6FAD9C}"
EndProject
Project("{FAE04EC0-301F-11D3-BF4B-00C04F79EFBC}") = "TelegramBotImages", "TelegramBotImages\TelegramBotImages.csproj", "{4CFFC37A-823E-4B1D-A693-46B731284B5C}"
EndProject
Global
	GlobalSection(SolutionConfigurationPlatforms) = preSolution
		Debug|Any CPU = Debug|Any CPU
		Release|Any CPU = Release|Any CPU
	EndGlobalSection
	GlobalSection(ProjectConfigurationPlatforms) = postSolution
		{92CA64FA-734E-4AAF-B3BD-F61D63008F2A}.Debug|Any CPU.ActiveCfg = Debug|Any CPU
		{92CA64FA-734E-4AAF-B3BD-F61D63008F2A}.Debug|Any CPU.Build.0 = Debug|Any CPU
		{92CA64FA-734E-4AAF-B3BD-F61D63008F2A}.Release|Any CPU.ActiveCfg = Release|Any CPU
		{92CA64FA-734E-4AAF-B3BD-F61D63008F2A}.Release|Any CPU.Build.0 = Release|Any CPU
		{657946CA-C2D3-4CBD-9B4D-9E0C89E15C18}.Debug|Any CPU.ActiveCfg = Debug|Any CPU
		{657946CA-C2D3-4CBD-9B4D-9E0C89E15C18}.Debug|Any CPU.Build.0 = Debug|Any CPU
		{657946CA-C2D3-4CBD-9B4D-9E0C89E15C18}.Release|Any CPU.ActiveCfg = Release|Any CPU
		{657946CA-C2D3-4CBD-9B4D-9E0C89E15C18}.Release|Any CPU.Build.0 = Release|Any CPU
		{04CACE4A-D486-4798-ACCB-AED6FCF91C6B}.Debug|Any CPU.ActiveCfg = Debug|Any CPU
		{04CACE4A-D486-4798-ACCB-AED6FCF91C6B}.Debug|Any CPU.Build.0 = Debug|Any CPU
		{04CACE4A-D486-4798-ACCB-AED6FCF91C6B}.Release|Any CPU.ActiveCfg = Release|Any CPU
		{04CACE4A-D486-4798-ACCB-AED6FCF91C6B}.Release|Any CPU.Build.0 = Release|Any CPU
		{82F7E39B-6D99-40D7-A479-4131EC6FAD9C}.Debug|Any CPU.ActiveCfg = Debug|Any CPU
		{82F7E39B-6D99-40D7-A479-4131EC6FAD9C}.Debug|Any CPU.Build.0 = Debug|Any CPU
		{82F7E39B-6D99-40D7-A479-4131EC6FAD9C}.Release|Any CPU.ActiveCfg = Release|Any CPU
		{82F7E39B-6D99-40D7-A479-4131EC6FAD9C}.Release|Any CPU.Build.0 = Release|Any CPU
		{4CFFC37A-823E-4B1D-A693-46B731284B5C}.Debug|Any CPU.ActiveCfg = Debug|Any CPU
		{4CFFC37A-823E-4B1D-A693-46B731284B5C}.Debug|Any CPU.Build.0 = Debug|Any CPU
		{4CFFC37A-823E-4B1D-A693-46B731284B5C}.Release|Any CPU.ActiveCfg = Release|Any CPU
		{4CFFC37A-823E-4B1D-A693-46B731284B5C}.Release|Any CPU.Build.0 = Release|Any CPU
	EndGlobalSection
	GlobalSection(SolutionProperties) = preSolution
		HideSolutionNode = FALSE
	EndGlobalSection
	GlobalSection(ExtensibilityGlobals) = postSolution
		SolutionGuid = {B07CD39E-2C9C-42BB-8BEA-67750847197E}
	EndGlobalSection
EndGlobal
