
Microsoft Visual Studio Solution File, Format Version 12.00
# Visual Studio Version 17
VisualStudioVersion = 17.3.32825.248
MinimumVisualStudioVersion = 10.0.40219.1
Project("{9A19103F-16F7-4668-BE54-9A1E7A4F7556}") = "TB.API", "EnglishWordsRecognizer\TB.API.csproj", "{92CA64FA-734E-4AAF-B3BD-F61D63008F2A}"
EndProject
Project("{9A19103F-16F7-4668-BE54-9A1E7A4F7556}") = "TB.Core", "TelegramBotManager\TB.Core.csproj", "{657946CA-C2D3-4CBD-9B4D-9E0C89E15C18}"
EndProject
Project("{9A19103F-16F7-4668-BE54-9A1E7A4F7556}") = "TB.Routing", "TelegramBotCommands\TB.Routing.csproj", "{04CACE4A-D486-4798-ACCB-AED6FCF91C6B}"
EndProject
Project("{9A19103F-16F7-4668-BE54-9A1E7A4F7556}") = "TB.MemoryStorage", "TelegramBotStorage\TB.MemoryStorage.csproj", "{82F7E39B-6D99-40D7-A479-4131EC6FAD9C}"
EndProject
Project("{9A19103F-16F7-4668-BE54-9A1E7A4F7556}") = "TB.ComputerVision", "TelegramBotImages\TB.ComputerVision.csproj", "{4CFFC37A-823E-4B1D-A693-46B731284B5C}"
EndProject
Project("{9A19103F-16F7-4668-BE54-9A1E7A4F7556}") = "TB.Translator", "TelegramBotTranslator\TB.Translator.csproj", "{612D1ACE-4AA6-4ADD-8914-C239E2DB42C6}"
EndProject
Project("{2150E333-8FDC-42A3-9474-1A3956D46DE8}") = "Infrastructure", "Infrastructure", "{F1E762D0-1CBD-4C9F-9ACC-2D8DED021D3C}"
EndProject
Project("{9A19103F-16F7-4668-BE54-9A1E7A4F7556}") = "CQRS", "CQRS\CQRS.csproj", "{A9DA612C-C40E-49E6-8B84-071AC18B7EC3}"
EndProject
Project("{9A19103F-16F7-4668-BE54-9A1E7A4F7556}") = "TB.Menu", "TB.Menu\TB.Menu.csproj", "{6691AF8B-2B19-44C5-9B35-916032310F9A}"
EndProject
Project("{9A19103F-16F7-4668-BE54-9A1E7A4F7556}") = "TB.Callbacks", "TB.Callbacks\TB.Callbacks.csproj", "{E30A9CC8-8EC6-4225-974E-CD6E60358FF6}"
EndProject
Project("{9A19103F-16F7-4668-BE54-9A1E7A4F7556}") = "TB.Images", "TB.Images\TB.Images.csproj", "{9AAE72BF-A72B-4DB6-8D23-50FD89F8D9A2}"
EndProject
Project("{9A19103F-16F7-4668-BE54-9A1E7A4F7556}") = "TB.Videos", "TB.Videos\TB.Videos.csproj", "{E7A60E51-5CE4-4334-8879-800ABF0A9A84}"
EndProject
Project("{9A19103F-16F7-4668-BE54-9A1E7A4F7556}") = "TB.Audios", "TB.Audios\TB.Audios.csproj", "{8B3CEA56-51F2-4C7A-A2FA-A1149ADFA60D}"
EndProject
Project("{9A19103F-16F7-4668-BE54-9A1E7A4F7556}") = "TB.Documents", "TB.Documents\TB.Documents.csproj", "{0D4A3D4F-88B3-4550-8A59-CA6569B7C04C}"
EndProject
Project("{9A19103F-16F7-4668-BE54-9A1E7A4F7556}") = "TB.Replies", "TB.Replies\TB.Replies.csproj", "{501FCD1D-577E-41B3-8614-5B949F5B8AC8}"
EndProject
Project("{9A19103F-16F7-4668-BE54-9A1E7A4F7556}") = "TB.Texts", "TB.Texts\TB.Texts.csproj", "{28157071-5B00-47E0-95E3-FB05999BE4C7}"
EndProject
Project("{9A19103F-16F7-4668-BE54-9A1E7A4F7556}") = "TB.Database", "TB.Database\TB.Database.csproj", "{7272AF87-D34A-496A-AA62-4075CF0A5C15}"
EndProject
Project("{9A19103F-16F7-4668-BE54-9A1E7A4F7556}") = "TB.Common", "TB.Common\TB.Common.csproj", "{4A963FC4-023E-4AD2-A4DC-DE7A642AA5B9}"
EndProject
Project("{9A19103F-16F7-4668-BE54-9A1E7A4F7556}") = "TB.User", "TB.User\TB.User.csproj", "{22E31289-B7EF-46D5-93EC-99F13F01F671}"
EndProject
Global
	GlobalSection(SolutionConfigurationPlatforms) = preSolution
		Debug|Any CPU = Debug|Any CPU
		Release|Any CPU = Release|Any CPU
	EndGlobalSection
	GlobalSection(ProjectConfigurationPlatforms) = postSolution
		{92CA64FA-734E-4AAF-B3BD-F61D63008F2A}.Debug|Any CPU.ActiveCfg = Debug|Any CPU
		{92CA64FA-734E-4AAF-B3BD-F61D63008F2A}.Debug|Any CPU.Build.0 = Debug|Any CPU
		{92CA64FA-734E-4AAF-B3BD-F61D63008F2A}.Release|Any CPU.ActiveCfg = Release|Any CPU
		{92CA64FA-734E-4AAF-B3BD-F61D63008F2A}.Release|Any CPU.Build.0 = Release|Any CPU
		{657946CA-C2D3-4CBD-9B4D-9E0C89E15C18}.Debug|Any CPU.ActiveCfg = Debug|Any CPU
		{657946CA-C2D3-4CBD-9B4D-9E0C89E15C18}.Debug|Any CPU.Build.0 = Debug|Any CPU
		{657946CA-C2D3-4CBD-9B4D-9E0C89E15C18}.Release|Any CPU.ActiveCfg = Release|Any CPU
		{657946CA-C2D3-4CBD-9B4D-9E0C89E15C18}.Release|Any CPU.Build.0 = Release|Any CPU
		{04CACE4A-D486-4798-ACCB-AED6FCF91C6B}.Debug|Any CPU.ActiveCfg = Debug|Any CPU
		{04CACE4A-D486-4798-ACCB-AED6FCF91C6B}.Debug|Any CPU.Build.0 = Debug|Any CPU
		{04CACE4A-D486-4798-ACCB-AED6FCF91C6B}.Release|Any CPU.ActiveCfg = Release|Any CPU
		{04CACE4A-D486-4798-ACCB-AED6FCF91C6B}.Release|Any CPU.Build.0 = Release|Any CPU
		{82F7E39B-6D99-40D7-A479-4131EC6FAD9C}.Debug|Any CPU.ActiveCfg = Debug|Any CPU
		{82F7E39B-6D99-40D7-A479-4131EC6FAD9C}.Debug|Any CPU.Build.0 = Debug|Any CPU
		{82F7E39B-6D99-40D7-A479-4131EC6FAD9C}.Release|Any CPU.ActiveCfg = Release|Any CPU
		{82F7E39B-6D99-40D7-A479-4131EC6FAD9C}.Release|Any CPU.Build.0 = Release|Any CPU
		{4CFFC37A-823E-4B1D-A693-46B731284B5C}.Debug|Any CPU.ActiveCfg = Debug|Any CPU
		{4CFFC37A-823E-4B1D-A693-46B731284B5C}.Debug|Any CPU.Build.0 = Debug|Any CPU
		{4CFFC37A-823E-4B1D-A693-46B731284B5C}.Release|Any CPU.ActiveCfg = Release|Any CPU
		{4CFFC37A-823E-4B1D-A693-46B731284B5C}.Release|Any CPU.Build.0 = Release|Any CPU
		{612D1ACE-4AA6-4ADD-8914-C239E2DB42C6}.Debug|Any CPU.ActiveCfg = Debug|Any CPU
		{612D1ACE-4AA6-4ADD-8914-C239E2DB42C6}.Debug|Any CPU.Build.0 = Debug|Any CPU
		{612D1ACE-4AA6-4ADD-8914-C239E2DB42C6}.Release|Any CPU.ActiveCfg = Release|Any CPU
		{612D1ACE-4AA6-4ADD-8914-C239E2DB42C6}.Release|Any CPU.Build.0 = Release|Any CPU
		{A9DA612C-C40E-49E6-8B84-071AC18B7EC3}.Debug|Any CPU.ActiveCfg = Debug|Any CPU
		{A9DA612C-C40E-49E6-8B84-071AC18B7EC3}.Debug|Any CPU.Build.0 = Debug|Any CPU
		{A9DA612C-C40E-49E6-8B84-071AC18B7EC3}.Release|Any CPU.ActiveCfg = Release|Any CPU
		{A9DA612C-C40E-49E6-8B84-071AC18B7EC3}.Release|Any CPU.Build.0 = Release|Any CPU
		{6691AF8B-2B19-44C5-9B35-916032310F9A}.Debug|Any CPU.ActiveCfg = Debug|Any CPU
		{6691AF8B-2B19-44C5-9B35-916032310F9A}.Debug|Any CPU.Build.0 = Debug|Any CPU
		{6691AF8B-2B19-44C5-9B35-916032310F9A}.Release|Any CPU.ActiveCfg = Release|Any CPU
		{6691AF8B-2B19-44C5-9B35-916032310F9A}.Release|Any CPU.Build.0 = Release|Any CPU
		{E30A9CC8-8EC6-4225-974E-CD6E60358FF6}.Debug|Any CPU.ActiveCfg = Debug|Any CPU
		{E30A9CC8-8EC6-4225-974E-CD6E60358FF6}.Debug|Any CPU.Build.0 = Debug|Any CPU
		{E30A9CC8-8EC6-4225-974E-CD6E60358FF6}.Release|Any CPU.ActiveCfg = Release|Any CPU
		{E30A9CC8-8EC6-4225-974E-CD6E60358FF6}.Release|Any CPU.Build.0 = Release|Any CPU
		{9AAE72BF-A72B-4DB6-8D23-50FD89F8D9A2}.Debug|Any CPU.ActiveCfg = Debug|Any CPU
		{9AAE72BF-A72B-4DB6-8D23-50FD89F8D9A2}.Debug|Any CPU.Build.0 = Debug|Any CPU
		{9AAE72BF-A72B-4DB6-8D23-50FD89F8D9A2}.Release|Any CPU.ActiveCfg = Release|Any CPU
		{9AAE72BF-A72B-4DB6-8D23-50FD89F8D9A2}.Release|Any CPU.Build.0 = Release|Any CPU
		{E7A60E51-5CE4-4334-8879-800ABF0A9A84}.Debug|Any CPU.ActiveCfg = Debug|Any CPU
		{E7A60E51-5CE4-4334-8879-800ABF0A9A84}.Debug|Any CPU.Build.0 = Debug|Any CPU
		{E7A60E51-5CE4-4334-8879-800ABF0A9A84}.Release|Any CPU.ActiveCfg = Release|Any CPU
		{E7A60E51-5CE4-4334-8879-800ABF0A9A84}.Release|Any CPU.Build.0 = Release|Any CPU
		{8B3CEA56-51F2-4C7A-A2FA-A1149ADFA60D}.Debug|Any CPU.ActiveCfg = Debug|Any CPU
		{8B3CEA56-51F2-4C7A-A2FA-A1149ADFA60D}.Debug|Any CPU.Build.0 = Debug|Any CPU
		{8B3CEA56-51F2-4C7A-A2FA-A1149ADFA60D}.Release|Any CPU.ActiveCfg = Release|Any CPU
		{8B3CEA56-51F2-4C7A-A2FA-A1149ADFA60D}.Release|Any CPU.Build.0 = Release|Any CPU
		{0D4A3D4F-88B3-4550-8A59-CA6569B7C04C}.Debug|Any CPU.ActiveCfg = Debug|Any CPU
		{0D4A3D4F-88B3-4550-8A59-CA6569B7C04C}.Debug|Any CPU.Build.0 = Debug|Any CPU
		{0D4A3D4F-88B3-4550-8A59-CA6569B7C04C}.Release|Any CPU.ActiveCfg = Release|Any CPU
		{0D4A3D4F-88B3-4550-8A59-CA6569B7C04C}.Release|Any CPU.Build.0 = Release|Any CPU
		{501FCD1D-577E-41B3-8614-5B949F5B8AC8}.Debug|Any CPU.ActiveCfg = Debug|Any CPU
		{501FCD1D-577E-41B3-8614-5B949F5B8AC8}.Debug|Any CPU.Build.0 = Debug|Any CPU
		{501FCD1D-577E-41B3-8614-5B949F5B8AC8}.Release|Any CPU.ActiveCfg = Release|Any CPU
		{501FCD1D-577E-41B3-8614-5B949F5B8AC8}.Release|Any CPU.Build.0 = Release|Any CPU
		{28157071-5B00-47E0-95E3-FB05999BE4C7}.Debug|Any CPU.ActiveCfg = Debug|Any CPU
		{28157071-5B00-47E0-95E3-FB05999BE4C7}.Debug|Any CPU.Build.0 = Debug|Any CPU
		{28157071-5B00-47E0-95E3-FB05999BE4C7}.Release|Any CPU.ActiveCfg = Release|Any CPU
		{28157071-5B00-47E0-95E3-FB05999BE4C7}.Release|Any CPU.Build.0 = Release|Any CPU
		{7272AF87-D34A-496A-AA62-4075CF0A5C15}.Debug|Any CPU.ActiveCfg = Debug|Any CPU
		{7272AF87-D34A-496A-AA62-4075CF0A5C15}.Debug|Any CPU.Build.0 = Debug|Any CPU
		{7272AF87-D34A-496A-AA62-4075CF0A5C15}.Release|Any CPU.ActiveCfg = Release|Any CPU
		{7272AF87-D34A-496A-AA62-4075CF0A5C15}.Release|Any CPU.Build.0 = Release|Any CPU
		{4A963FC4-023E-4AD2-A4DC-DE7A642AA5B9}.Debug|Any CPU.ActiveCfg = Debug|Any CPU
		{4A963FC4-023E-4AD2-A4DC-DE7A642AA5B9}.Debug|Any CPU.Build.0 = Debug|Any CPU
		{4A963FC4-023E-4AD2-A4DC-DE7A642AA5B9}.Release|Any CPU.ActiveCfg = Release|Any CPU
		{4A963FC4-023E-4AD2-A4DC-DE7A642AA5B9}.Release|Any CPU.Build.0 = Release|Any CPU
		{22E31289-B7EF-46D5-93EC-99F13F01F671}.Debug|Any CPU.ActiveCfg = Debug|Any CPU
		{22E31289-B7EF-46D5-93EC-99F13F01F671}.Debug|Any CPU.Build.0 = Debug|Any CPU
		{22E31289-B7EF-46D5-93EC-99F13F01F671}.Release|Any CPU.ActiveCfg = Release|Any CPU
		{22E31289-B7EF-46D5-93EC-99F13F01F671}.Release|Any CPU.Build.0 = Release|Any CPU
	EndGlobalSection
	GlobalSection(SolutionProperties) = preSolution
		HideSolutionNode = FALSE
	EndGlobalSection
	GlobalSection(NestedProjects) = preSolution
		{A9DA612C-C40E-49E6-8B84-071AC18B7EC3} = {F1E762D0-1CBD-4C9F-9ACC-2D8DED021D3C}
	EndGlobalSection
	GlobalSection(ExtensibilityGlobals) = postSolution
		SolutionGuid = {B07CD39E-2C9C-42BB-8BEA-67750847197E}
	EndGlobalSection
EndGlobal
